
Microsoft Visual Studio Solution File, Format Version 12.00
# Visual Studio 15
VisualStudioVersion = 15.0.26730.16
MinimumVisualStudioVersion = 10.0.40219.1
Project("{2150E333-8FDC-42A3-9474-1A3956D46DE8}") = "Solution items", "Solution items", "{409E7C8D-215E-4613-8971-A091F1755F44}"
	ProjectSection(SolutionItems) = preProject
		.editorconfig = .editorconfig
		.gitignore = .gitignore
		appveyor.yml = appveyor.yml
		CONTRIBUTING.md = CONTRIBUTING.md
		LICENSE.md = LICENSE.md
		NuGet.config = NuGet.config
		README.md = README.md
	EndProjectSection
EndProject
Project("{2150E333-8FDC-42A3-9474-1A3956D46DE8}") = "CodeCakeBuilder", "CodeCakeBuilder", "{F44991BA-F033-4576-923E-DDAFA06E6659}"
EndProject
Project("{FAE04EC0-301F-11D3-BF4B-00C04F79EFBC}") = "CodeCakeBuilder", "CodeCakeBuilder\CodeCakeBuilder.csproj", "{FD4817B6-3CD7-4E74-AA10-7CA95FDFCF2D}"
EndProject
Project("{2150E333-8FDC-42A3-9474-1A3956D46DE8}") = "Tests", "Tests", "{DB0DBBEF-1D63-4825-829E-C36C537D66C7}"
EndProject
Project("{9A19103F-16F7-4668-BE54-9A1E7A4F7556}") = "CK.ControlChannel.Tcp.Tests", "Tests\CK.ControlChannel.Tcp.Tests\CK.ControlChannel.Tcp.Tests.csproj", "{EEB44EA2-FFCB-4B85-902A-30D5DC397795}"
EndProject
Project("{9A19103F-16F7-4668-BE54-9A1E7A4F7556}") = "CK.ControlChannel.Tcp.Common", "src\CK.ControlChannel.Tcp.Common\CK.ControlChannel.Tcp.Common.csproj", "{E3556067-F7EB-4AE5-AF0E-2AD9988B0BA2}"
EndProject
Project("{9A19103F-16F7-4668-BE54-9A1E7A4F7556}") = "CK.ControlChannel.TcpClient", "src\CK.ControlChannel.TcpClient\CK.ControlChannel.TcpClient.csproj", "{EA6F1898-D9FE-42DE-9BA2-08079C5896FA}"
EndProject
Project("{9A19103F-16F7-4668-BE54-9A1E7A4F7556}") = "CK.ControlChannel.TcpServer", "src\CK.ControlChannel.TcpServer\CK.ControlChannel.TcpServer.csproj", "{E7B7DB22-E9E8-49A3-9E23-C49B4FBF1690}"
EndProject
Global
	GlobalSection(SolutionConfigurationPlatforms) = preSolution
		Debug|Any CPU = Debug|Any CPU
		Release|Any CPU = Release|Any CPU
	EndGlobalSection
	GlobalSection(ProjectConfigurationPlatforms) = postSolution
		{FD4817B6-3CD7-4E74-AA10-7CA95FDFCF2D}.Debug|Any CPU.ActiveCfg = Debug|Any CPU
		{FD4817B6-3CD7-4E74-AA10-7CA95FDFCF2D}.Debug|Any CPU.Build.0 = Debug|Any CPU
		{FD4817B6-3CD7-4E74-AA10-7CA95FDFCF2D}.Release|Any CPU.ActiveCfg = Release|Any CPU
		{FD4817B6-3CD7-4E74-AA10-7CA95FDFCF2D}.Release|Any CPU.Build.0 = Release|Any CPU
		{EEB44EA2-FFCB-4B85-902A-30D5DC397795}.Debug|Any CPU.ActiveCfg = Debug|Any CPU
		{EEB44EA2-FFCB-4B85-902A-30D5DC397795}.Debug|Any CPU.Build.0 = Debug|Any CPU
		{EEB44EA2-FFCB-4B85-902A-30D5DC397795}.Release|Any CPU.ActiveCfg = Release|Any CPU
		{EEB44EA2-FFCB-4B85-902A-30D5DC397795}.Release|Any CPU.Build.0 = Release|Any CPU
		{E3556067-F7EB-4AE5-AF0E-2AD9988B0BA2}.Debug|Any CPU.ActiveCfg = Debug|Any CPU
		{E3556067-F7EB-4AE5-AF0E-2AD9988B0BA2}.Debug|Any CPU.Build.0 = Debug|Any CPU
		{E3556067-F7EB-4AE5-AF0E-2AD9988B0BA2}.Release|Any CPU.ActiveCfg = Release|Any CPU
		{E3556067-F7EB-4AE5-AF0E-2AD9988B0BA2}.Release|Any CPU.Build.0 = Release|Any CPU
		{EA6F1898-D9FE-42DE-9BA2-08079C5896FA}.Debug|Any CPU.ActiveCfg = Debug|Any CPU
		{EA6F1898-D9FE-42DE-9BA2-08079C5896FA}.Debug|Any CPU.Build.0 = Debug|Any CPU
		{EA6F1898-D9FE-42DE-9BA2-08079C5896FA}.Release|Any CPU.ActiveCfg = Release|Any CPU
		{EA6F1898-D9FE-42DE-9BA2-08079C5896FA}.Release|Any CPU.Build.0 = Release|Any CPU
		{E7B7DB22-E9E8-49A3-9E23-C49B4FBF1690}.Debug|Any CPU.ActiveCfg = Debug|Any CPU
		{E7B7DB22-E9E8-49A3-9E23-C49B4FBF1690}.Debug|Any CPU.Build.0 = Debug|Any CPU
		{E7B7DB22-E9E8-49A3-9E23-C49B4FBF1690}.Release|Any CPU.ActiveCfg = Release|Any CPU
		{E7B7DB22-E9E8-49A3-9E23-C49B4FBF1690}.Release|Any CPU.Build.0 = Release|Any CPU
	EndGlobalSection
	GlobalSection(SolutionProperties) = preSolution
		HideSolutionNode = FALSE
	EndGlobalSection
	GlobalSection(NestedProjects) = preSolution
		{FD4817B6-3CD7-4E74-AA10-7CA95FDFCF2D} = {F44991BA-F033-4576-923E-DDAFA06E6659}
		{EEB44EA2-FFCB-4B85-902A-30D5DC397795} = {DB0DBBEF-1D63-4825-829E-C36C537D66C7}
	EndGlobalSection
	GlobalSection(ExtensibilityGlobals) = postSolution
		SolutionGuid = {E2C0920C-16BD-49F6-8D7E-276A421C85ED}
	EndGlobalSection
EndGlobal
